PODS:
  - Ads-CN/BUAdSDK (7.7.0.7)
  - Ads-CN/BUAdTestMeasurement (7.7.0.7)
  - AFNetworking (4.0.1):
    - AFNetworking/NSURLSession (= 4.0.1)
    - AFNetworking/Reachability (= 4.0.1)
    - AFNetworking/Security (= 4.0.1)
    - AFNetworking/Serialization (= 4.0.1)
    - AFNetworking/UIKit (= 4.0.1)
  - AFNetworking/NSURLSession (4.0.1):
    - AFNetworking/Reachability
    - AFNetworking/Security
    - AFNetworking/Serialization
  - AFNetworking/Reachability (4.0.1)
  - AFNetworking/Security (4.0.1)
  - AFNetworking/Serialization (4.0.1)
  - AFNetworking/UIKit (4.0.1):
    - AFNetworking/NSURLSession
  - GDTDevToolSDK (1.9)
  - GDTMobSDK (4.16.05)
  - LampsDevTools (0.1.0):
    - Ads-CN/BUAdTestMeasurement
    - GDTDevToolSDK
    - LampsSDK/Core (= 0.1.0)
  - LampsSDK (0.1.0):
    - LampsSDK/Core (= 0.1.0)
    - LampsSDK/CSJ (= 0.1.0)
    - LampsSDK/GDT (= 0.1.0)
    - LampsSDK/Noah (= 0.1.0)
  - LampsSDK/Core (0.1.0)
  - LampsSDK/CSJ (0.1.0):
    - Ads-CN/BUAdSDK
    - LampsSDK/CSJAdapter
  - LampsSDK/CSJAdapter (0.1.0):
    - LampsSDK/Core
  - LampsSDK/GDT (0.1.0):
    - GDTMobSDK
    - LampsSDK/GDTAdapter
  - LampsSDK/GDTAdapter (0.1.0):
    - LampsSDK/Core
  - LampsSDK/Noah (0.1.0):
    - AFNetworking
    - LampsSDK/NoahAdapter
    - SDWebImage
    - YYModel
  - LampsSDK/NoahAdapter (0.1.0):
    - LampsSDK/Core
  - SDWebImage (5.21.7):
    - SDWebImage/Core (= 5.21.7)
  - SDWebImage/Core (5.21.7)
  - YYModel (1.0.4)

DEPENDENCIES:
  - LampsDevTools (from `../`)
  - LampsSDK (from `../`)

SPEC REPOS:
  trunk:
    - Ads-CN
    - AFNetworking
    - GDTDevToolSDK
    - GDTMobSDK
    - SDWebImage
    - YYModel

EXTERNAL SOURCES:
  LampsDevTools:
    :path: "../"
  LampsSDK:
    :path: "../"

SPEC CHECKSUMS:
  Ads-CN: 371e2b74beeb100c70daae4e7a7823858cb81e7c
  AFNetworking: 3bd23d814e976cd148d7d44c3ab78017b744cd58
  GDTDevToolSDK: 18424c3599f830bd7f37975fc267d998f904f632
  GDTMobSDK: 29605d509a4c2ff68afce3736ffc32d6e7290e71
  LampsDevTools: 2624eb016c631e77a6268e7664abd01bf263b354
  LampsSDK: 9d7cda85943a90b744e31dc8254673622a80a3c7
  SDWebImage: e9fc87c1aab89a8ab1bbd74eba378c6f53be8abf
  YYModel: 2a7fdd96aaa4b86a824e26d0c517de8928c04b30

PODFILE CHECKSUM: 2145df31b009dfd768ef133abde04daad745a4b7

COCOAPODS: 1.16.2
