PODS:
  - Ads-CN/BUAdSDK (7.7.0.6)
  - GDTMobSDK (4.16.05)
  - LampsSDK (0.1.0):
    - LampsSDK/Core (= 0.1.0)
    - LampsSDK/CSJ (= 0.1.0)
    - LampsSDK/GDT (= 0.1.0)
    - LampsSDK/NoahAdapter (= 0.1.0)
  - LampsSDK/Core (0.1.0)
  - LampsSDK/CSJ (0.1.0):
    - Ads-CN/BUAdSDK
    - LampsSDK/CSJAdapter
  - LampsSDK/CSJAdapter (0.1.0):
    - LampsSDK/Core
  - LampsSDK/GDT (0.1.0):
    - GDTMobSDK
    - LampsSDK/GDTAdapter
  - LampsSDK/GDTAdapter (0.1.0):
    - LampsSDK/Core
  - LampsSDK/NoahAdapter (0.1.0):
    - LampsSDK/Core

DEPENDENCIES:
  - LampsSDK (from `../`)

SPEC REPOS:
  trunk:
    - Ads-CN
    - GDTMobSDK

EXTERNAL SOURCES:
  LampsSDK:
    :path: "../"

SPEC CHECKSUMS:
  Ads-CN: 13a913e6c7b1874bb1676322046e864ac312dbaa
  GDTMobSDK: 29605d509a4c2ff68afce3736ffc32d6e7290e71
  LampsSDK: 342dd08cd2cb973941f228c485e3ef7378670fc4

PODFILE CHECKSUM: 7eab619b4650d89fcab299f5b0dde33574516f2a

COCOAPODS: 1.16.2
